{
  "version": 1,
  "dependencies": {
    "net8.0-windows": {
      "HtmlAgilityPack": {
        "type": "Direct",
        "requested": "[1.11.61, )",
        "resolved": "1.11.61",
        "contentHash": "HtmlAgilityPack-1.11.61"
      },
      "Microsoft.Extensions.Configuration": {
        "type": "Direct",
        "requested": "[8.0.0, )",
        "resolved": "8.0.0",
        "contentHash": "Microsoft.Extensions.Configuration-8.0.0"
      },
      "Microsoft.Extensions.Configuration.Json": {
        "type": "Direct",
        "requested": "[8.0.0, )",
        "resolved": "8.0.0",
        "contentHash": "Microsoft.Extensions.Configuration.Json-8.0.0"
      },
      "Newtonsoft.Json": {
        "type": "Direct",
        "requested": "[13.0.3, )",
        "resolved": "13.0.3",
        "contentHash": "Newtonsoft.Json-13.0.3"
      },
      "Newtonsoft.Json.Bson": {
        "type": "Direct",
        "requested": "[1.0.3, )",
        "resolved": "1.0.3",
        "contentHash": "Newtonsoft.Json.Bson-1.0.3"
      },
      "log4net": {
        "type": "Direct",
        "requested": "[2.0.15, )",
        "resolved": "2.0.15",
        "contentHash": "log4net-2.0.15"
      }
    }
  }
}
