{
  "version": 2,
  "dependencies": {
    "net8.0-windows": {
      "Microsoft.EntityFrameworkCore": {
        "type": "Direct",
        "requested": "[8.0.0, )",
        "resolved": "8.0.0",
        "contentHash": "net8-efcore-8.0.0"
      },
      "Microsoft.EntityFrameworkCore.SqlServer": {
        "type": "Direct",
        "requested": "[8.0.0, )",
        "resolved": "8.0.0",
        "contentHash": "net8-efcore-sqlserver-8.0.0"
      },
      "Newtonsoft.Json": {
        "type": "Direct",
        "requested": "[13.0.3, )",
        "resolved": "13.0.3",
        "contentHash": "net8-newtonsoft-13.0.3"
      },
      "log4net": {
        "type": "Direct",
        "requested": "[2.0.15, )",
        "resolved": "2.0.15",
        "contentHash": "net8-log4net-2.0.15"
      },
      "HtmlAgilityPack": {
        "type": "Direct",
        "requested": "[1.11.61, )",
        "resolved": "1.11.61",
        "contentHash": "net8-htmlagilitypack-1.11.61"
      },
      "Newtonsoft.Json.Bson": {
        "type": "Direct",
        "requested": "[1.0.3, )",
        "resolved": "1.0.3",
        "contentHash": "net8-newtonsoft-bson-1.0.3"
      }
    }
  }
}
